
Microsoft Visual Studio Solution File, Format Version 12.00
# Visual Studio 2012
Project("{FAE04EC0-301F-11D3-BF4B-00C04F79EFBC}") = "HproseServer", "HproseServer\HproseServer.csproj", "{614BEEC8-86A2-4BBB-BC30-33174D41B4C4}"
EndProject
Project("{FAE04EC0-301F-11D3-BF4B-00C04F79EFBC}") = "HproseClient", "HproseClient\HproseClient.csproj", "{5335C949-D135-4BED-9170-08345AA50170}"
EndProject
Project("{FAE04EC0-301F-11D3-BF4B-00C04F79EFBC}") = "SilverlightHproseClient", "SilverlightHproseClient\SilverlightHproseClient.csproj", "{CF994370-D58E-40CF-9F81-1DD3D75CCEFE}"
EndProject
Project("{FAE04EC0-301F-11D3-BF4B-00C04F79EFBC}") = "TestSerialize", "TestSerialize\TestSerialize.csproj", "{1B196BC0-4075-4D9B-AC63-9555D6221024}"
EndProject
Project("{FAE04EC0-301F-11D3-BF4B-00C04F79EFBC}") = "TestHashMap", "TestHashMap\TestHashMap.csproj", "{8BFF425C-6D25-4948-8578-41729CA0E19C}"
EndProject
Global
	GlobalSection(SolutionConfigurationPlatforms) = preSolution
		Debug|Any CPU = Debug|Any CPU
		Debug|ARM = Debug|ARM
		Debug|x64 = Debug|x64
		Debug|x86 = Debug|x86
		Release|Any CPU = Release|Any CPU
		Release|ARM = Release|ARM
		Release|x64 = Release|x64
		Release|x86 = Release|x86
	EndGlobalSection
	GlobalSection(ProjectConfigurationPlatforms) = postSolution
		{614BEEC8-86A2-4BBB-BC30-33174D41B4C4}.Debug|Any CPU.ActiveCfg = Debug|Any CPU
		{614BEEC8-86A2-4BBB-BC30-33174D41B4C4}.Debug|Any CPU.Build.0 = Debug|Any CPU
		{614BEEC8-86A2-4BBB-BC30-33174D41B4C4}.Debug|ARM.ActiveCfg = Debug|Any CPU
		{614BEEC8-86A2-4BBB-BC30-33174D41B4C4}.Debug|x64.ActiveCfg = Debug|Any CPU
		{614BEEC8-86A2-4BBB-BC30-33174D41B4C4}.Debug|x86.ActiveCfg = Debug|Any CPU
		{614BEEC8-86A2-4BBB-BC30-33174D41B4C4}.Release|Any CPU.ActiveCfg = Release|Any CPU
		{614BEEC8-86A2-4BBB-BC30-33174D41B4C4}.Release|Any CPU.Build.0 = Release|Any CPU
		{614BEEC8-86A2-4BBB-BC30-33174D41B4C4}.Release|ARM.ActiveCfg = Release|Any CPU
		{614BEEC8-86A2-4BBB-BC30-33174D41B4C4}.Release|x64.ActiveCfg = Release|Any CPU
		{614BEEC8-86A2-4BBB-BC30-33174D41B4C4}.Release|x86.ActiveCfg = Release|Any CPU
		{5335C949-D135-4BED-9170-08345AA50170}.Debug|Any CPU.ActiveCfg = Debug|Any CPU
		{5335C949-D135-4BED-9170-08345AA50170}.Debug|Any CPU.Build.0 = Debug|Any CPU
		{5335C949-D135-4BED-9170-08345AA50170}.Debug|ARM.ActiveCfg = Debug|Any CPU
		{5335C949-D135-4BED-9170-08345AA50170}.Debug|x64.ActiveCfg = Debug|Any CPU
		{5335C949-D135-4BED-9170-08345AA50170}.Debug|x86.ActiveCfg = Debug|Any CPU
		{5335C949-D135-4BED-9170-08345AA50170}.Release|Any CPU.ActiveCfg = Release|Any CPU
		{5335C949-D135-4BED-9170-08345AA50170}.Release|Any CPU.Build.0 = Release|Any CPU
		{5335C949-D135-4BED-9170-08345AA50170}.Release|ARM.ActiveCfg = Release|Any CPU
		{5335C949-D135-4BED-9170-08345AA50170}.Release|x64.ActiveCfg = Release|Any CPU
		{5335C949-D135-4BED-9170-08345AA50170}.Release|x86.ActiveCfg = Release|Any CPU
		{CF994370-D58E-40CF-9F81-1DD3D75CCEFE}.Debug|Any CPU.ActiveCfg = Debug|Any CPU
		{CF994370-D58E-40CF-9F81-1DD3D75CCEFE}.Debug|Any CPU.Build.0 = Debug|Any CPU
		{CF994370-D58E-40CF-9F81-1DD3D75CCEFE}.Debug|ARM.ActiveCfg = Debug|Any CPU
		{CF994370-D58E-40CF-9F81-1DD3D75CCEFE}.Debug|x64.ActiveCfg = Debug|Any CPU
		{CF994370-D58E-40CF-9F81-1DD3D75CCEFE}.Debug|x86.ActiveCfg = Debug|Any CPU
		{CF994370-D58E-40CF-9F81-1DD3D75CCEFE}.Release|Any CPU.ActiveCfg = Release|Any CPU
		{CF994370-D58E-40CF-9F81-1DD3D75CCEFE}.Release|Any CPU.Build.0 = Release|Any CPU
		{CF994370-D58E-40CF-9F81-1DD3D75CCEFE}.Release|ARM.ActiveCfg = Release|Any CPU
		{CF994370-D58E-40CF-9F81-1DD3D75CCEFE}.Release|x64.ActiveCfg = Release|Any CPU
		{CF994370-D58E-40CF-9F81-1DD3D75CCEFE}.Release|x86.ActiveCfg = Release|Any CPU
		{1B196BC0-4075-4D9B-AC63-9555D6221024}.Debug|Any CPU.ActiveCfg = Debug|Any CPU
		{1B196BC0-4075-4D9B-AC63-9555D6221024}.Debug|Any CPU.Build.0 = Debug|Any CPU
		{1B196BC0-4075-4D9B-AC63-9555D6221024}.Debug|ARM.ActiveCfg = Debug|Any CPU
		{1B196BC0-4075-4D9B-AC63-9555D6221024}.Debug|x64.ActiveCfg = Debug|Any CPU
		{1B196BC0-4075-4D9B-AC63-9555D6221024}.Debug|x86.ActiveCfg = Debug|Any CPU
		{1B196BC0-4075-4D9B-AC63-9555D6221024}.Release|Any CPU.ActiveCfg = Release|Any CPU
		{1B196BC0-4075-4D9B-AC63-9555D6221024}.Release|Any CPU.Build.0 = Release|Any CPU
		{1B196BC0-4075-4D9B-AC63-9555D6221024}.Release|ARM.ActiveCfg = Release|Any CPU
		{1B196BC0-4075-4D9B-AC63-9555D6221024}.Release|x64.ActiveCfg = Release|Any CPU
		{1B196BC0-4075-4D9B-AC63-9555D6221024}.Release|x86.ActiveCfg = Release|Any CPU
		{8BFF425C-6D25-4948-8578-41729CA0E19C}.Debug|Any CPU.ActiveCfg = Debug|Any CPU
		{8BFF425C-6D25-4948-8578-41729CA0E19C}.Debug|Any CPU.Build.0 = Debug|Any CPU
		{8BFF425C-6D25-4948-8578-41729CA0E19C}.Debug|ARM.ActiveCfg = Debug|Any CPU
		{8BFF425C-6D25-4948-8578-41729CA0E19C}.Debug|x64.ActiveCfg = Debug|Any CPU
		{8BFF425C-6D25-4948-8578-41729CA0E19C}.Debug|x86.ActiveCfg = Debug|Any CPU
		{8BFF425C-6D25-4948-8578-41729CA0E19C}.Release|Any CPU.ActiveCfg = Release|Any CPU
		{8BFF425C-6D25-4948-8578-41729CA0E19C}.Release|Any CPU.Build.0 = Release|Any CPU
		{8BFF425C-6D25-4948-8578-41729CA0E19C}.Release|ARM.ActiveCfg = Release|Any CPU
		{8BFF425C-6D25-4948-8578-41729CA0E19C}.Release|x64.ActiveCfg = Release|Any CPU
		{8BFF425C-6D25-4948-8578-41729CA0E19C}.Release|x86.ActiveCfg = Release|Any CPU
	EndGlobalSection
	GlobalSection(SolutionProperties) = preSolution
		HideSolutionNode = FALSE
	EndGlobalSection
EndGlobal
