// !$*UTF8*$!
{
	archiveVersion = 1;
	classes = {
	};
	objectVersion = 42;
	objects = {

/* Begin PBXBuildFile section */
		9B3E98EC111C9DF300C617E2 /* HproseHelper.h in Headers */ = {isa = PBXBuildFile; fileRef = 9B3E98E3111C9DF300C617E2 /* HproseHelper.h */; settings = {ATTRIBUTES = (Public, ); }; };
		9B3E98ED111C9DF300C617E2 /* HproseHelper.m in Sources */ = {isa = PBXBuildFile; fileRef = 9B3E98E4111C9DF300C617E2 /* HproseHelper.m */; };
		9B3E98EE111C9DF300C617E2 /* HproseProperty.h in Headers */ = {isa = PBXBuildFile; fileRef = 9B3E98E5111C9DF300C617E2 /* HproseProperty.h */; settings = {ATTRIBUTES = (); }; };
		9B3E98EF111C9DF300C617E2 /* HproseProperty.m in Sources */ = {isa = PBXBuildFile; fileRef = 9B3E98E6111C9DF300C617E2 /* HproseProperty.m */; };
		9B3E98F0111C9DF300C617E2 /* HproseReader.h in Headers */ = {isa = PBXBuildFile; fileRef = 9B3E98E7111C9DF300C617E2 /* HproseReader.h */; settings = {ATTRIBUTES = (Public, ); }; };
		9B3E98F1111C9DF300C617E2 /* HproseReader.m in Sources */ = {isa = PBXBuildFile; fileRef = 9B3E98E8111C9DF300C617E2 /* HproseReader.m */; };
		9B3E98F2111C9DF300C617E2 /* HproseTags.h in Headers */ = {isa = PBXBuildFile; fileRef = 9B3E98E9111C9DF300C617E2 /* HproseTags.h */; settings = {ATTRIBUTES = (Public, ); }; };
		9B3E98F3111C9DF300C617E2 /* HproseWriter.h in Headers */ = {isa = PBXBuildFile; fileRef = 9B3E98EA111C9DF300C617E2 /* HproseWriter.h */; settings = {ATTRIBUTES = (Public, ); }; };
		9B3E98F4111C9DF300C617E2 /* HproseWriter.m in Sources */ = {isa = PBXBuildFile; fileRef = 9B3E98EB111C9DF300C617E2 /* HproseWriter.m */; };
		9B9AF6B710F607B20043DFBD /* Foundation.framework in Frameworks */ = {isa = PBXBuildFile; fileRef = 9B9AF6B610F607B20043DFBD /* Foundation.framework */; };
		9BAA671213BEEDCA00FE3678 /* HproseResultMode.h in Headers */ = {isa = PBXBuildFile; fileRef = 9BAA671113BEEDC900FE3678 /* HproseResultMode.h */; };
		9BC8E0F51189AD4100F886FF /* Hprose.h in Headers */ = {isa = PBXBuildFile; fileRef = 9BC8E0E71189AD4100F886FF /* Hprose.h */; settings = {ATTRIBUTES = (Public, ); }; };
		9BC8E0F61189AD4100F886FF /* HproseAsyncInvoke.h in Headers */ = {isa = PBXBuildFile; fileRef = 9BC8E0E81189AD4100F886FF /* HproseAsyncInvoke.h */; settings = {ATTRIBUTES = (); }; };
		9BC8E0F71189AD4100F886FF /* HproseClassManager.h in Headers */ = {isa = PBXBuildFile; fileRef = 9BC8E0E91189AD4100F886FF /* HproseClassManager.h */; settings = {ATTRIBUTES = (Public, ); }; };
		9BC8E0F81189AD4100F886FF /* HproseClassManager.m in Sources */ = {isa = PBXBuildFile; fileRef = 9BC8E0EA1189AD4100F886FF /* HproseClassManager.m */; };
		9BC8E0F91189AD4100F886FF /* HproseClient.h in Headers */ = {isa = PBXBuildFile; fileRef = 9BC8E0EB1189AD4100F886FF /* HproseClient.h */; settings = {ATTRIBUTES = (Public, ); }; };
		9BC8E0FA1189AD4100F886FF /* HproseClient.m in Sources */ = {isa = PBXBuildFile; fileRef = 9BC8E0EC1189AD4100F886FF /* HproseClient.m */; };
		9BC8E0FB1189AD4100F886FF /* HproseClientProxy.h in Headers */ = {isa = PBXBuildFile; fileRef = 9BC8E0ED1189AD4100F886FF /* HproseClientProxy.h */; settings = {ATTRIBUTES = (Public, ); }; };
		9BC8E0FC1189AD4100F886FF /* HproseClientProxy.m in Sources */ = {isa = PBXBuildFile; fileRef = 9BC8E0EE1189AD4100F886FF /* HproseClientProxy.m */; };
		9BC8E0FD1189AD4100F886FF /* HproseConnection.h in Headers */ = {isa = PBXBuildFile; fileRef = 9BC8E0EF1189AD4100F886FF /* HproseConnection.h */; settings = {ATTRIBUTES = (); }; };
		9BC8E0FE1189AD4100F886FF /* HproseException.h in Headers */ = {isa = PBXBuildFile; fileRef = 9BC8E0F01189AD4100F886FF /* HproseException.h */; settings = {ATTRIBUTES = (Public, ); }; };
		9BC8E0FF1189AD4100F886FF /* HproseException.m in Sources */ = {isa = PBXBuildFile; fileRef = 9BC8E0F11189AD4100F886FF /* HproseException.m */; };
		9BC8E1001189AD4100F886FF /* HproseHttpClient.h in Headers */ = {isa = PBXBuildFile; fileRef = 9BC8E0F21189AD4100F886FF /* HproseHttpClient.h */; settings = {ATTRIBUTES = (Public, ); }; };
		9BC8E1011189AD4100F886FF /* HproseHttpClient.m in Sources */ = {isa = PBXBuildFile; fileRef = 9BC8E0F31189AD4100F886FF /* HproseHttpClient.m */; };
		9BC8E1021189AD4100F886FF /* HproseInvoker.h in Headers */ = {isa = PBXBuildFile; fileRef = 9BC8E0F41189AD4100F886FF /* HproseInvoker.h */; settings = {ATTRIBUTES = (Public, ); }; };
/* End PBXBuildFile section */

/* Begin PBXFileReference section */
		32DBCF5E0370ADEE00C91783 /* Hprose_Prefix.pch */ = {isa = PBXFileReference; fileEncoding = 4; lastKnownFileType = sourcecode.c.h; path = Hprose_Prefix.pch; sourceTree = "<group>"; };
		8DC2EF5B0486A6940098B216 /* Hprose.framework */ = {isa = PBXFileReference; explicitFileType = wrapper.framework; includeInIndex = 0; path = Hprose.framework; sourceTree = BUILT_PRODUCTS_DIR; };
		9B3E98E3111C9DF300C617E2 /* HproseHelper.h */ = {isa = PBXFileReference; fileEncoding = 4; lastKnownFileType = sourcecode.c.h; name = HproseHelper.h; path = src/HproseHelper.h; sourceTree = "<group>"; };
		9B3E98E4111C9DF300C617E2 /* HproseHelper.m */ = {isa = PBXFileReference; fileEncoding = 4; lastKnownFileType = sourcecode.c.objc; name = HproseHelper.m; path = src/HproseHelper.m; sourceTree = "<group>"; };
		9B3E98E5111C9DF300C617E2 /* HproseProperty.h */ = {isa = PBXFileReference; fileEncoding = 4; lastKnownFileType = sourcecode.c.h; name = HproseProperty.h; path = src/HproseProperty.h; sourceTree = "<group>"; };
		9B3E98E6111C9DF300C617E2 /* HproseProperty.m */ = {isa = PBXFileReference; fileEncoding = 4; lastKnownFileType = sourcecode.c.objc; name = HproseProperty.m; path = src/HproseProperty.m; sourceTree = "<group>"; };
		9B3E98E7111C9DF300C617E2 /* HproseReader.h */ = {isa = PBXFileReference; fileEncoding = 4; lastKnownFileType = sourcecode.c.h; name = HproseReader.h; path = src/HproseReader.h; sourceTree = "<group>"; };
		9B3E98E8111C9DF300C617E2 /* HproseReader.m */ = {isa = PBXFileReference; fileEncoding = 4; lastKnownFileType = sourcecode.c.objc; name = HproseReader.m; path = src/HproseReader.m; sourceTree = "<group>"; };
		9B3E98E9111C9DF300C617E2 /* HproseTags.h */ = {isa = PBXFileReference; fileEncoding = 4; lastKnownFileType = sourcecode.c.h; name = HproseTags.h; path = src/HproseTags.h; sourceTree = "<group>"; };
		9B3E98EA111C9DF300C617E2 /* HproseWriter.h */ = {isa = PBXFileReference; fileEncoding = 4; lastKnownFileType = sourcecode.c.h; name = HproseWriter.h; path = src/HproseWriter.h; sourceTree = "<group>"; };
		9B3E98EB111C9DF300C617E2 /* HproseWriter.m */ = {isa = PBXFileReference; fileEncoding = 4; lastKnownFileType = sourcecode.c.objc; name = HproseWriter.m; path = src/HproseWriter.m; sourceTree = "<group>"; };
		9B9AF6B610F607B20043DFBD /* Foundation.framework */ = {isa = PBXFileReference; lastKnownFileType = wrapper.framework; name = Foundation.framework; path = /System/Library/Frameworks/Foundation.framework; sourceTree = "<absolute>"; };
		9BAA671113BEEDC900FE3678 /* HproseResultMode.h */ = {isa = PBXFileReference; fileEncoding = 4; lastKnownFileType = sourcecode.c.h; name = HproseResultMode.h; path = src/HproseResultMode.h; sourceTree = "<group>"; };
		9BC8E0E71189AD4100F886FF /* Hprose.h */ = {isa = PBXFileReference; fileEncoding = 4; lastKnownFileType = sourcecode.c.h; name = Hprose.h; path = src/Hprose.h; sourceTree = "<group>"; };
		9BC8E0E81189AD4100F886FF /* HproseAsyncInvoke.h */ = {isa = PBXFileReference; fileEncoding = 4; lastKnownFileType = sourcecode.c.h; name = HproseAsyncInvoke.h; path = src/HproseAsyncInvoke.h; sourceTree = "<group>"; };
		9BC8E0E91189AD4100F886FF /* HproseClassManager.h */ = {isa = PBXFileReference; fileEncoding = 4; lastKnownFileType = sourcecode.c.h; name = HproseClassManager.h; path = src/HproseClassManager.h; sourceTree = "<group>"; };
		9BC8E0EA1189AD4100F886FF /* HproseClassManager.m */ = {isa = PBXFileReference; fileEncoding = 4; lastKnownFileType = sourcecode.c.objc; name = HproseClassManager.m; path = src/HproseClassManager.m; sourceTree = "<group>"; };
		9BC8E0EB1189AD4100F886FF /* HproseClient.h */ = {isa = PBXFileReference; fileEncoding = 4; lastKnownFileType = sourcecode.c.h; name = HproseClient.h; path = src/HproseClient.h; sourceTree = "<group>"; };
		9BC8E0EC1189AD4100F886FF /* HproseClient.m */ = {isa = PBXFileReference; fileEncoding = 4; lastKnownFileType = sourcecode.c.objc; name = HproseClient.m; path = src/HproseClient.m; sourceTree = "<group>"; };
		9BC8E0ED1189AD4100F886FF /* HproseClientProxy.h */ = {isa = PBXFileReference; fileEncoding = 4; lastKnownFileType = sourcecode.c.h; name = HproseClientProxy.h; path = src/HproseClientProxy.h; sourceTree = "<group>"; };
		9BC8E0EE1189AD4100F886FF /* HproseClientProxy.m */ = {isa = PBXFileReference; fileEncoding = 4; lastKnownFileType = sourcecode.c.objc; name = HproseClientProxy.m; path = src/HproseClientProxy.m; sourceTree = "<group>"; };
		9BC8E0EF1189AD4100F886FF /* HproseConnection.h */ = {isa = PBXFileReference; fileEncoding = 4; lastKnownFileType = sourcecode.c.h; name = HproseConnection.h; path = src/HproseConnection.h; sourceTree = "<group>"; };
		9BC8E0F01189AD4100F886FF /* HproseException.h */ = {isa = PBXFileReference; fileEncoding = 4; lastKnownFileType = sourcecode.c.h; name = HproseException.h; path = src/HproseException.h; sourceTree = "<group>"; };
		9BC8E0F11189AD4100F886FF /* HproseException.m */ = {isa = PBXFileReference; fileEncoding = 4; lastKnownFileType = sourcecode.c.objc; name = HproseException.m; path = src/HproseException.m; sourceTree = "<group>"; };
		9BC8E0F21189AD4100F886FF /* HproseHttpClient.h */ = {isa = PBXFileReference; fileEncoding = 4; lastKnownFileType = sourcecode.c.h; name = HproseHttpClient.h; path = src/HproseHttpClient.h; sourceTree = "<group>"; };
		9BC8E0F31189AD4100F886FF /* HproseHttpClient.m */ = {isa = PBXFileReference; fileEncoding = 4; lastKnownFileType = sourcecode.c.objc; name = HproseHttpClient.m; path = src/HproseHttpClient.m; sourceTree = "<group>"; };
		9BC8E0F41189AD4100F886FF /* HproseInvoker.h */ = {isa = PBXFileReference; fileEncoding = 4; lastKnownFileType = sourcecode.c.h; name = HproseInvoker.h; path = src/HproseInvoker.h; sourceTree = "<group>"; };
/* End PBXFileReference section */

/* Begin PBXFrameworksBuildPhase section */
		8DC2EF560486A6940098B216 /* Frameworks */ = {
			isa = PBXFrameworksBuildPhase;
			buildActionMask = 2147483647;
			files = (
				9B9AF6B710F607B20043DFBD /* Foundation.framework in Frameworks */,
			);
			runOnlyForDeploymentPostprocessing = 0;
		};
/* End PBXFrameworksBuildPhase section */

/* Begin PBXGroup section */
		034768DFFF38A50411DB9C8B /* Products */ = {
			isa = PBXGroup;
			children = (
				8DC2EF5B0486A6940098B216 /* Hprose.framework */,
			);
			name = Products;
			sourceTree = "<group>";
		};
		0867D691FE84028FC02AAC07 /* Hprose */ = {
			isa = PBXGroup;
			children = (
				08FB77AEFE84172EC02AAC07 /* Classes */,
				32C88DFF0371C24200C91783 /* Other Sources */,
				089C1665FE841158C02AAC07 /* Resources */,
				0867D69AFE84028FC02AAC07 /* Frameworks */,
				034768DFFF38A50411DB9C8B /* Products */,
			);
			name = Hprose;
			sourceTree = "<group>";
		};
		0867D69AFE84028FC02AAC07 /* Frameworks */ = {
			isa = PBXGroup;
			children = (
				1058C7B0FEA5585E11CA2CBB /* Linked Frameworks */,
				1058C7B2FEA5585E11CA2CBB /* Other Frameworks */,
			);
			name = Frameworks;
			sourceTree = "<group>";
		};
		089C1665FE841158C02AAC07 /* Resources */ = {
			isa = PBXGroup;
			children = (
			);
			name = Resources;
			sourceTree = "<group>";
		};
		08FB77AEFE84172EC02AAC07 /* Classes */ = {
			isa = PBXGroup;
			children = (
				9BC8E0E71189AD4100F886FF /* Hprose.h */,
				9BC8E0E81189AD4100F886FF /* HproseAsyncInvoke.h */,
				9BC8E0E91189AD4100F886FF /* HproseClassManager.h */,
				9BC8E0EA1189AD4100F886FF /* HproseClassManager.m */,
				9BC8E0EB1189AD4100F886FF /* HproseClient.h */,
				9BC8E0EC1189AD4100F886FF /* HproseClient.m */,
				9BC8E0ED1189AD4100F886FF /* HproseClientProxy.h */,
				9BC8E0EE1189AD4100F886FF /* HproseClientProxy.m */,
				9BC8E0EF1189AD4100F886FF /* HproseConnection.h */,
				9BC8E0F01189AD4100F886FF /* HproseException.h */,
				9BC8E0F11189AD4100F886FF /* HproseException.m */,
				9BC8E0F21189AD4100F886FF /* HproseHttpClient.h */,
				9BC8E0F31189AD4100F886FF /* HproseHttpClient.m */,
				9BC8E0F41189AD4100F886FF /* HproseInvoker.h */,
				9B3E98E3111C9DF300C617E2 /* HproseHelper.h */,
				9B3E98E4111C9DF300C617E2 /* HproseHelper.m */,
				9B3E98E5111C9DF300C617E2 /* HproseProperty.h */,
				9B3E98E6111C9DF300C617E2 /* HproseProperty.m */,
				9B3E98E7111C9DF300C617E2 /* HproseReader.h */,
				9B3E98E8111C9DF300C617E2 /* HproseReader.m */,
				9B3E98E9111C9DF300C617E2 /* HproseTags.h */,
				9B3E98EA111C9DF300C617E2 /* HproseWriter.h */,
				9B3E98EB111C9DF300C617E2 /* HproseWriter.m */,
				9BAA671113BEEDC900FE3678 /* HproseResultMode.h */,
			);
			name = Classes;
			sourceTree = "<group>";
		};
		1058C7B0FEA5585E11CA2CBB /* Linked Frameworks */ = {
			isa = PBXGroup;
			children = (
				9B9AF6B610F607B20043DFBD /* Foundation.framework */,
			);
			name = "Linked Frameworks";
			sourceTree = "<group>";
		};
		1058C7B2FEA5585E11CA2CBB /* Other Frameworks */ = {
			isa = PBXGroup;
			children = (
			);
			name = "Other Frameworks";
			sourceTree = "<group>";
		};
		32C88DFF0371C24200C91783 /* Other Sources */ = {
			isa = PBXGroup;
			children = (
				32DBCF5E0370ADEE00C91783 /* Hprose_Prefix.pch */,
			);
			name = "Other Sources";
			sourceTree = "<group>";
		};
/* End PBXGroup section */

/* Begin PBXHeadersBuildPhase section */
		8DC2EF500486A6940098B216 /* Headers */ = {
			isa = PBXHeadersBuildPhase;
			buildActionMask = 2147483647;
			files = (
				9B3E98EC111C9DF300C617E2 /* HproseHelper.h in Headers */,
				9B3E98EE111C9DF300C617E2 /* HproseProperty.h in Headers */,
				9B3E98F0111C9DF300C617E2 /* HproseReader.h in Headers */,
				9B3E98F2111C9DF300C617E2 /* HproseTags.h in Headers */,
				9B3E98F3111C9DF300C617E2 /* HproseWriter.h in Headers */,
				9BC8E0F51189AD4100F886FF /* Hprose.h in Headers */,
				9BC8E0F61189AD4100F886FF /* HproseAsyncInvoke.h in Headers */,
				9BC8E0F71189AD4100F886FF /* HproseClassManager.h in Headers */,
				9BC8E0F91189AD4100F886FF /* HproseClient.h in Headers */,
				9BC8E0FB1189AD4100F886FF /* HproseClientProxy.h in Headers */,
				9BC8E0FD1189AD4100F886FF /* HproseConnection.h in Headers */,
				9BC8E0FE1189AD4100F886FF /* HproseException.h in Headers */,
				9BC8E1001189AD4100F886FF /* HproseHttpClient.h in Headers */,
				9BC8E1021189AD4100F886FF /* HproseInvoker.h in Headers */,
				9BAA671213BEEDCA00FE3678 /* HproseResultMode.h in Headers */,
			);
			runOnlyForDeploymentPostprocessing = 0;
		};
/* End PBXHeadersBuildPhase section */

/* Begin PBXNativeTarget section */
		8DC2EF4F0486A6940098B216 /* Hprose */ = {
			isa = PBXNativeTarget;
			buildConfigurationList = 1DEB91AD08733DA50010E9CD /* Build configuration list for PBXNativeTarget "Hprose" */;
			buildPhases = (
				8DC2EF500486A6940098B216 /* Headers */,
				8DC2EF520486A6940098B216 /* Resources */,
				8DC2EF540486A6940098B216 /* Sources */,
				8DC2EF560486A6940098B216 /* Frameworks */,
			);
			buildRules = (
			);
			dependencies = (
			);
			name = Hprose;
			productInstallPath = "$(HOME)/Library/Frameworks";
			productName = Hprose;
			productReference = 8DC2EF5B0486A6940098B216 /* Hprose.framework */;
			productType = "com.apple.product-type.framework";
		};
/* End PBXNativeTarget section */

/* Begin PBXProject section */
		0867D690FE84028FC02AAC07 /* Project object */ = {
			isa = PBXProject;
			buildConfigurationList = 1DEB91B108733DA50010E9CD /* Build configuration list for PBXProject "Hprose" */;
			compatibilityVersion = "Xcode 2.4";
			developmentRegion = English;
			hasScannedForEncodings = 1;
			knownRegions = (
				en,
			);
			mainGroup = 0867D691FE84028FC02AAC07 /* Hprose */;
			productRefGroup = 034768DFFF38A50411DB9C8B /* Products */;
			projectDirPath = "";
			projectRoot = "";
			targets = (
				8DC2EF4F0486A6940098B216 /* Hprose */,
			);
		};
/* End PBXProject section */

/* Begin PBXResourcesBuildPhase section */
		8DC2EF520486A6940098B216 /* Resources */ = {
			isa = PBXResourcesBuildPhase;
			buildActionMask = 2147483647;
			files = (
			);
			runOnlyForDeploymentPostprocessing = 0;
		};
/* End PBXResourcesBuildPhase section */

/* Begin PBXSourcesBuildPhase section */
		8DC2EF540486A6940098B216 /* Sources */ = {
			isa = PBXSourcesBuildPhase;
			buildActionMask = 2147483647;
			files = (
				9B3E98ED111C9DF300C617E2 /* HproseHelper.m in Sources */,
				9B3E98EF111C9DF300C617E2 /* HproseProperty.m in Sources */,
				9B3E98F1111C9DF300C617E2 /* HproseReader.m in Sources */,
				9B3E98F4111C9DF300C617E2 /* HproseWriter.m in Sources */,
				9BC8E0F81189AD4100F886FF /* HproseClassManager.m in Sources */,
				9BC8E0FA1189AD4100F886FF /* HproseClient.m in Sources */,
				9BC8E0FC1189AD4100F886FF /* HproseClientProxy.m in Sources */,
				9BC8E0FF1189AD4100F886FF /* HproseException.m in Sources */,
				9BC8E1011189AD4100F886FF /* HproseHttpClient.m in Sources */,
			);
			runOnlyForDeploymentPostprocessing = 0;
		};
/* End PBXSourcesBuildPhase section */

/* Begin XCBuildConfiguration section */
		1DEB91AE08733DA50010E9CD /* Debug */ = {
			isa = XCBuildConfiguration;
			buildSettings = {
				ALWAYS_SEARCH_USER_PATHS = NO;
				COPY_PHASE_STRIP = NO;
				DYLIB_COMPATIBILITY_VERSION = 1;
				DYLIB_CURRENT_VERSION = 1;
				FRAMEWORK_VERSION = A;
				GCC_DYNAMIC_NO_PIC = NO;
				GCC_ENABLE_FIX_AND_CONTINUE = YES;
				GCC_MODEL_TUNING = G5;
				GCC_OPTIMIZATION_LEVEL = 0;
				GCC_PRECOMPILE_PREFIX_HEADER = YES;
				GCC_PREFIX_HEADER = Hprose_Prefix.pch;
				INFOPLIST_FILE = Info.plist;
				INSTALL_PATH = "$(HOME)/Library/Frameworks";
				PRODUCT_NAME = Hprose;
				SDKROOT = "";
				WRAPPER_EXTENSION = framework;
			};
			name = Debug;
		};
		1DEB91AF08733DA50010E9CD /* Release */ = {
			isa = XCBuildConfiguration;
			buildSettings = {
				ALWAYS_SEARCH_USER_PATHS = NO;
				DEBUG_INFORMATION_FORMAT = "dwarf-with-dsym";
				DYLIB_COMPATIBILITY_VERSION = 1;
				DYLIB_CURRENT_VERSION = 1;
				FRAMEWORK_VERSION = A;
				GCC_MODEL_TUNING = G5;
				GCC_PRECOMPILE_PREFIX_HEADER = YES;
				GCC_PREFIX_HEADER = Hprose_Prefix.pch;
				INFOPLIST_FILE = Info.plist;
				INSTALL_PATH = "$(HOME)/Library/Frameworks";
				PRODUCT_NAME = Hprose;
				SDKROOT = "";
				WRAPPER_EXTENSION = framework;
			};
			name = Release;
		};
		1DEB91B208733DA50010E9CD /* Debug */ = {
			isa = XCBuildConfiguration;
			buildSettings = {
				ARCHS = "$(ARCHS_STANDARD_32_64_BIT_PRE_XCODE_3_1)";
				ARCHS_STANDARD_32_64_BIT_PRE_XCODE_3_1 = "x86_64 i386 ppc";
				GCC_C_LANGUAGE_STANDARD = gnu99;
				GCC_OPTIMIZATION_LEVEL = 0;
				GCC_VERSION = "";
				GCC_WARN_ABOUT_RETURN_TYPE = YES;
				GCC_WARN_UNUSED_VARIABLE = YES;
				LD_DYLIB_INSTALL_NAME = "@executable_path/../$(EXECUTABLE_PATH)";
				ONLY_ACTIVE_ARCH = NO;
				PREBINDING = NO;
				SDKROOT = /Developer/SDKs/MacOSX10.5.sdk;
			};
			name = Debug;
		};
		1DEB91B308733DA50010E9CD /* Release */ = {
			isa = XCBuildConfiguration;
			buildSettings = {
				ARCHS = "$(ARCHS_STANDARD_32_64_BIT_PRE_XCODE_3_1)";
				ARCHS_STANDARD_32_64_BIT_PRE_XCODE_3_1 = "x86_64 i386 ppc";
				GCC_C_LANGUAGE_STANDARD = gnu99;
				GCC_VERSION = "";
				GCC_WARN_ABOUT_RETURN_TYPE = YES;
				GCC_WARN_UNUSED_VARIABLE = YES;
				PREBINDING = NO;
				SDKROOT = /Developer/SDKs/MacOSX10.5.sdk;
			};
			name = Release;
		};
/* End XCBuildConfiguration section */

/* Begin XCConfigurationList section */
		1DEB91AD08733DA50010E9CD /* Build configuration list for PBXNativeTarget "Hprose" */ = {
			isa = XCConfigurationList;
			buildConfigurations = (
				1DEB91AE08733DA50010E9CD /* Debug */,
				1DEB91AF08733DA50010E9CD /* Release */,
			);
			defaultConfigurationIsVisible = 0;
			defaultConfigurationName = Release;
		};
		1DEB91B108733DA50010E9CD /* Build configuration list for PBXProject "Hprose" */ = {
			isa = XCConfigurationList;
			buildConfigurations = (
				1DEB91B208733DA50010E9CD /* Debug */,
				1DEB91B308733DA50010E9CD /* Release */,
			);
			defaultConfigurationIsVisible = 0;
			defaultConfigurationName = Release;
		};
/* End XCConfigurationList section */
	};
	rootObject = 0867D690FE84028FC02AAC07 /* Project object */;
}
